
Microsoft Visual Studio Solution File, Format Version 12.00
# Visual Studio Version 17
VisualStudioVersion = 17.10.35027.167
MinimumVisualStudioVersion = 10.0.40219.1
Project("{2150E333-8FDC-42A3-9474-1A3956D46DE8}") = "Infrastructure", "Infrastructure", "{E7828BAE-ED44-4A15-A319-E1B03C8BF362}"
EndProject
Project("{2150E333-8FDC-42A3-9474-1A3956D46DE8}") = "Services", "Services", "{2DED6458-75F0-43CE-8498-25ED6E68F308}"
EndProject
Project("{2150E333-8FDC-42A3-9474-1A3956D46DE8}") = "Web", "Web", "{F84A536E-EA78-4619-83DD-40D1ADA32603}"
EndProject
Project("{FAE04EC0-301F-11D3-BF4B-00C04F79EFBC}") = "ReactFootball.Services.DataProviders", "Services\ReactFootball.Services.DataProviders\ReactFootball.Services.DataProviders.csproj", "{E6F4430A-B759-488B-8883-07EFD79879D7}"
EndProject
Project("{FAE04EC0-301F-11D3-BF4B-00C04F79EFBC}") = "ReactFootball.Services.Models", "Services\ReactFootball.Services.Models\ReactFootball.Services.Models.csproj", "{CF390B75-5538-474D-A384-52E7BFFBFF56}"
EndProject
Global
	GlobalSection(SolutionConfigurationPlatforms) = preSolution
		Debug|Any CPU = Debug|Any CPU
		Release|Any CPU = Release|Any CPU
	EndGlobalSection
	GlobalSection(ProjectConfigurationPlatforms) = postSolution
		{E6F4430A-B759-488B-8883-07EFD79879D7}.Debug|Any CPU.ActiveCfg = Debug|Any CPU
		{E6F4430A-B759-488B-8883-07EFD79879D7}.Debug|Any CPU.Build.0 = Debug|Any CPU
		{E6F4430A-B759-488B-8883-07EFD79879D7}.Release|Any CPU.ActiveCfg = Release|Any CPU
		{E6F4430A-B759-488B-8883-07EFD79879D7}.Release|Any CPU.Build.0 = Release|Any CPU
		{CF390B75-5538-474D-A384-52E7BFFBFF56}.Debug|Any CPU.ActiveCfg = Debug|Any CPU
		{CF390B75-5538-474D-A384-52E7BFFBFF56}.Debug|Any CPU.Build.0 = Debug|Any CPU
		{CF390B75-5538-474D-A384-52E7BFFBFF56}.Release|Any CPU.ActiveCfg = Release|Any CPU
		{CF390B75-5538-474D-A384-52E7BFFBFF56}.Release|Any CPU.Build.0 = Release|Any CPU
	EndGlobalSection
	GlobalSection(SolutionProperties) = preSolution
		HideSolutionNode = FALSE
	EndGlobalSection
	GlobalSection(NestedProjects) = preSolution
		{E6F4430A-B759-488B-8883-07EFD79879D7} = {2DED6458-75F0-43CE-8498-25ED6E68F308}
		{CF390B75-5538-474D-A384-52E7BFFBFF56} = {2DED6458-75F0-43CE-8498-25ED6E68F308}
	EndGlobalSection
	GlobalSection(ExtensibilityGlobals) = postSolution
		SolutionGuid = {F293680B-8A5E-494E-9B4B-0D673339C5ED}
	EndGlobalSection
EndGlobal
